
Microsoft Visual Studio Solution File, Format Version 12.00
# Visual Studio Version 17
VisualStudioVersion = 17.11.35303.130
MinimumVisualStudioVersion = 10.0.40219.1
Project("{2150E333-8FDC-42A3-9474-1A3956D46DE8}") = "Task0", "Task0", "{3761B5D4-E1C3-46BE-9F27-D7A7D17E7391}"
EndProject
Project("{9A19103F-16F7-4668-BE54-9A1E7A4F7556}") = "Tyuiu.GurzanVM.Sprint1.Task0.V2", "Tyuiu.GurzanVM.Sprint1.Task0.V2\Tyuiu.GurzanVM.Sprint1.Task0.V2.csproj", "{31ECC803-F3B2-40E6-9F20-26ACFB2CDEAA}"
EndProject
Project("{9A19103F-16F7-4668-BE54-9A1E7A4F7556}") = "Tyuiu.GurzanVM.Sprint1.Task0.V2.Lib", "Tyuiu.GurzanVM.Sprint1.Task0.V2.Lib\Tyuiu.GurzanVM.Sprint1.Task0.V2.Lib.csproj", "{B4735F2D-BFA4-49D6-BA84-984876D50F48}"
EndProject
Project("{9A19103F-16F7-4668-BE54-9A1E7A4F7556}") = "Tyuiu.GurzanVM.Sprint1.Task0.V2.Test", "Tyuiu.GurzanVM.Sprint1.Task0.V2.Test\Tyuiu.GurzanVM.Sprint1.Task0.V2.Test.csproj", "{356F881D-4C0C-4673-90B7-1E9CA8D7F367}"
EndProject
Project("{2150E333-8FDC-42A3-9474-1A3956D46DE8}") = "Task1", "Task1", "{649E10AF-1EAE-4D2F-BDA8-984501667F46}"
EndProject
Project("{9A19103F-16F7-4668-BE54-9A1E7A4F7556}") = "Tyuiu.GurzanVM.Sprint1.Task1.V7", "Tyuiu.GurzanVM.Sprint1.Task1.V7\Tyuiu.GurzanVM.Sprint1.Task1.V7.csproj", "{66F09352-BBC6-4AAA-9BC0-9B020C373901}"
EndProject
Project("{9A19103F-16F7-4668-BE54-9A1E7A4F7556}") = "Tyuiu.GurzanVM.Sprint1.Task1.V7.Lib", "Tyuiu.GurzanVM.Sprint1.Task1.V7.Lib\Tyuiu.GurzanVM.Sprint1.Task1.V7.Lib.csproj", "{9CF0CEAD-D93E-4E2A-8E6D-34EE3FE9C43C}"
EndProject
Project("{9A19103F-16F7-4668-BE54-9A1E7A4F7556}") = "Tyuiu.GurzanVM.Sprint1.Task1.V7.Test", "Tyuiu.GurzanVM.Sprint1.Task1.V7.Test\Tyuiu.GurzanVM.Sprint1.Task1.V7.Test.csproj", "{1205B546-96F1-4BB2-86FF-181DB8978624}"
EndProject
Project("{2150E333-8FDC-42A3-9474-1A3956D46DE8}") = "Task2", "Task2", "{FD90D2D1-53E7-4B2F-9C78-8E46ECF108FF}"
EndProject
Project("{9A19103F-16F7-4668-BE54-9A1E7A4F7556}") = "Tyuiu.GurzanVM.Sprint1.Task2.V18", "Tyuiu.GurzanVM.Sprint1.Task2.V18\Tyuiu.GurzanVM.Sprint1.Task2.V18.csproj", "{C981DD5C-BA1D-4A26-9579-5D4203E8279E}"
EndProject
Project("{9A19103F-16F7-4668-BE54-9A1E7A4F7556}") = "Tyuiu.GurzanVM.Sprint1.Task2.V18.Lib", "Tyuiu.GurzanVM.Sprint1.Task2.V18.Lib\Tyuiu.GurzanVM.Sprint1.Task2.V18.Lib.csproj", "{82EF5604-72C3-4FE5-8D5E-DB94992DA5B0}"
EndProject
Project("{9A19103F-16F7-4668-BE54-9A1E7A4F7556}") = "Tyuiu.GurzanVM.Sprint1.Task2.V18.Test", "Tyuiu.GurzanVM.Sprint1.Task2.V18.Test\Tyuiu.GurzanVM.Sprint1.Task2.V18.Test.csproj", "{D4B8EE04-49A1-4561-8563-5A54EF12C264}"
EndProject
Project("{2150E333-8FDC-42A3-9474-1A3956D46DE8}") = "Task3", "Task3", "{16ED44F3-9FCE-46A4-BD48-35B09D7B8817}"
EndProject
Project("{9A19103F-16F7-4668-BE54-9A1E7A4F7556}") = "Tyuiu.GurzanVM.Sprint1.Task3.V12", "Tyuiu.GurzanVM.Sprint1.Task3.V12\Tyuiu.GurzanVM.Sprint1.Task3.V12.csproj", "{4CC452D4-A0CC-4F5C-A5A0-0D03819E4270}"
EndProject
Project("{9A19103F-16F7-4668-BE54-9A1E7A4F7556}") = "Tyuiu.GurzanVM.Sprint1.Task3.V12.Lib", "Tyuiu.GurzanVM.Sprint1.Task3.V12.Lib\Tyuiu.GurzanVM.Sprint1.Task3.V12.Lib.csproj", "{5434C023-A843-44B7-B24E-30E97D0354C3}"
EndProject
Project("{9A19103F-16F7-4668-BE54-9A1E7A4F7556}") = "Tyuiu.GurzanVM.Sprint1.Task3.V12.Test", "Tyuiu.GurzanVM.Sprint1.Task3.V12.Test\Tyuiu.GurzanVM.Sprint1.Task3.V12.Test.csproj", "{EB2D3F29-4F8E-4AFA-8B1D-62781DB30A22}"
EndProject
Project("{2150E333-8FDC-42A3-9474-1A3956D46DE8}") = "Task4", "Task4", "{F9856908-EF71-4E95-ABFF-BB042CA4FDEE}"
EndProject
Project("{FAE04EC0-301F-11D3-BF4B-00C04F79EFBC}") = "Tyuiu.GurzanVM.Sprint1.Task4.V23", "Tyuiu.GurzanVM.Sprint1.Task4.V23\Tyuiu.GurzanVM.Sprint1.Task4.V23.csproj", "{5218FBBB-1F6D-4F2F-B4B8-102EB011E677}"
EndProject
Project("{FAE04EC0-301F-11D3-BF4B-00C04F79EFBC}") = "Tyuiu.GurzanVM.Sprint1.Task4.V23.Lib", "Tyuiu.GurzanVM.Sprint1.Task4.V23.Lib\Tyuiu.GurzanVM.Sprint1.Task4.V23.Lib.csproj", "{07CC6803-6740-4C68-9D67-6CF81AA5F07F}"
EndProject
Project("{FAE04EC0-301F-11D3-BF4B-00C04F79EFBC}") = "Tyuiu.GurzanVM.Sprint1.Task4.V23.Test", "Tyuiu.GurzanVM.Sprint1.Task4.V23.Test\Tyuiu.GurzanVM.Sprint1.Task4.V23.Test.csproj", "{015F0E09-C182-435C-BE4D-29A49FF400F2}"
EndProject
Project("{2150E333-8FDC-42A3-9474-1A3956D46DE8}") = "Task5", "Task5", "{86A99E53-B66C-4B60-BDF4-703224EA0861}"
EndProject
Project("{FAE04EC0-301F-11D3-BF4B-00C04F79EFBC}") = "Tyuiu.GurzanVM.Sprint1.Task5.V4", "Tyuiu.GurzanVM.Sprint1.Task5.V4\Tyuiu.GurzanVM.Sprint1.Task5.V4.csproj", "{BE92FCD5-D718-464B-8552-E6BC04B09928}"
EndProject
Project("{FAE04EC0-301F-11D3-BF4B-00C04F79EFBC}") = "Tyuiu.GurzanVM.Sprint1.Task5.V4.Lib", "Tyuiu.GurzanVM.Sprint1.Task5.V4.Lib\Tyuiu.GurzanVM.Sprint1.Task5.V4.Lib.csproj", "{28E77596-1D5C-4B14-9D5F-874444DEA6D5}"
EndProject
Project("{FAE04EC0-301F-11D3-BF4B-00C04F79EFBC}") = "Tyuiu.GurzanVM.Sprint1.Task5.V4.Test", "Tyuiu.GurzanVM.Sprint1.Task5.V4.Test\Tyuiu.GurzanVM.Sprint1.Task5.V4.Test.csproj", "{5BB0BAB8-9DF2-4CA6-9420-E91D5099E13D}"
EndProject
Project("{2150E333-8FDC-42A3-9474-1A3956D46DE8}") = "Task6", "Task6", "{944AF504-3255-4495-AF90-35F643CD7176}"
EndProject
Project("{FAE04EC0-301F-11D3-BF4B-00C04F79EFBC}") = "Tyuiu.GurzanVM.Sprint1.Task6.V14", "Tyuiu.GurzanVM.Sprint1.Task6.V14\Tyuiu.GurzanVM.Sprint1.Task6.V14.csproj", "{1A34C033-09F5-4B21-8028-25BFAD5666A6}"
EndProject
Project("{FAE04EC0-301F-11D3-BF4B-00C04F79EFBC}") = "Tyuiu.GurzanVM.Sprint1.Task6.V14.Lib", "Tyuiu.GurzanVM.Sprint1.Task6.V14.Lib\Tyuiu.GurzanVM.Sprint1.Task6.V14.Lib.csproj", "{466995F9-552B-43FB-9418-4F8282F976D7}"
EndProject
Project("{FAE04EC0-301F-11D3-BF4B-00C04F79EFBC}") = "Tyuiu.GurzanVM.Sprint1.Task6.V14.Test", "Tyuiu.GurzanVM.Sprint1.Task6.V14.Test\Tyuiu.GurzanVM.Sprint1.Task6.V14.Test.csproj", "{7E5ACAA8-B44B-448D-A1D7-123A377D1C79}"
EndProject
Project("{2150E333-8FDC-42A3-9474-1A3956D46DE8}") = "Task7", "Task7", "{9B6CDA2E-7A83-44C2-ACC6-8021B7DB51DB}"
EndProject
Project("{FAE04EC0-301F-11D3-BF4B-00C04F79EFBC}") = "Tyuiu.GurzanVM.Sprint1.Task7.V6", "Tyuiu.GurzanVM.Sprint1.Task7.V6\Tyuiu.GurzanVM.Sprint1.Task7.V6.csproj", "{41E45DD2-9E06-44D3-973B-EC7360EF287B}"
EndProject
Project("{FAE04EC0-301F-11D3-BF4B-00C04F79EFBC}") = "Tyuiu.GurzanVM.Sprint1.Task7.V6.Lib", "Tyuiu.GurzanVM.Sprint1.Task7.V6.Lib\Tyuiu.GurzanVM.Sprint1.Task7.V6.Lib.csproj", "{D5EC0521-C136-4AB3-92F1-ECC773F20E50}"
EndProject
Project("{FAE04EC0-301F-11D3-BF4B-00C04F79EFBC}") = "Tyuiu.GurzanVM.Sprint1.Task7.V6.Test", "Tyuiu.GurzanVM.Sprint1.Task7.V6.Test\Tyuiu.GurzanVM.Sprint1.Task7.V6.Test.csproj", "{02EA2AE6-3BA4-420E-91F6-693F57FD0C88}"
EndProject
Global
	GlobalSection(SolutionConfigurationPlatforms) = preSolution
		Debug|Any CPU = Debug|Any CPU
		Release|Any CPU = Release|Any CPU
	EndGlobalSection
	GlobalSection(ProjectConfigurationPlatforms) = postSolution
		{31ECC803-F3B2-40E6-9F20-26ACFB2CDEAA}.Debug|Any CPU.ActiveCfg = Debug|Any CPU
		{31ECC803-F3B2-40E6-9F20-26ACFB2CDEAA}.Debug|Any CPU.Build.0 = Debug|Any CPU
		{31ECC803-F3B2-40E6-9F20-26ACFB2CDEAA}.Release|Any CPU.ActiveCfg = Release|Any CPU
		{31ECC803-F3B2-40E6-9F20-26ACFB2CDEAA}.Release|Any CPU.Build.0 = Release|Any CPU
		{B4735F2D-BFA4-49D6-BA84-984876D50F48}.Debug|Any CPU.ActiveCfg = Debug|Any CPU
		{B4735F2D-BFA4-49D6-BA84-984876D50F48}.Debug|Any CPU.Build.0 = Debug|Any CPU
		{B4735F2D-BFA4-49D6-BA84-984876D50F48}.Release|Any CPU.ActiveCfg = Release|Any CPU
		{B4735F2D-BFA4-49D6-BA84-984876D50F48}.Release|Any CPU.Build.0 = Release|Any CPU
		{356F881D-4C0C-4673-90B7-1E9CA8D7F367}.Debug|Any CPU.ActiveCfg = Debug|Any CPU
		{356F881D-4C0C-4673-90B7-1E9CA8D7F367}.Debug|Any CPU.Build.0 = Debug|Any CPU
		{356F881D-4C0C-4673-90B7-1E9CA8D7F367}.Release|Any CPU.ActiveCfg = Release|Any CPU
		{356F881D-4C0C-4673-90B7-1E9CA8D7F367}.Release|Any CPU.Build.0 = Release|Any CPU
		{66F09352-BBC6-4AAA-9BC0-9B020C373901}.Debug|Any CPU.ActiveCfg = Debug|Any CPU
		{66F09352-BBC6-4AAA-9BC0-9B020C373901}.Debug|Any CPU.Build.0 = Debug|Any CPU
		{66F09352-BBC6-4AAA-9BC0-9B020C373901}.Release|Any CPU.ActiveCfg = Release|Any CPU
		{66F09352-BBC6-4AAA-9BC0-9B020C373901}.Release|Any CPU.Build.0 = Release|Any CPU
		{9CF0CEAD-D93E-4E2A-8E6D-34EE3FE9C43C}.Debug|Any CPU.ActiveCfg = Debug|Any CPU
		{9CF0CEAD-D93E-4E2A-8E6D-34EE3FE9C43C}.Debug|Any CPU.Build.0 = Debug|Any CPU
		{9CF0CEAD-D93E-4E2A-8E6D-34EE3FE9C43C}.Release|Any CPU.ActiveCfg = Release|Any CPU
		{9CF0CEAD-D93E-4E2A-8E6D-34EE3FE9C43C}.Release|Any CPU.Build.0 = Release|Any CPU
		{1205B546-96F1-4BB2-86FF-181DB8978624}.Debug|Any CPU.ActiveCfg = Debug|Any CPU
		{1205B546-96F1-4BB2-86FF-181DB8978624}.Debug|Any CPU.Build.0 = Debug|Any CPU
		{1205B546-96F1-4BB2-86FF-181DB8978624}.Release|Any CPU.ActiveCfg = Release|Any CPU
		{1205B546-96F1-4BB2-86FF-181DB8978624}.Release|Any CPU.Build.0 = Release|Any CPU
		{C981DD5C-BA1D-4A26-9579-5D4203E8279E}.Debug|Any CPU.ActiveCfg = Debug|Any CPU
		{C981DD5C-BA1D-4A26-9579-5D4203E8279E}.Debug|Any CPU.Build.0 = Debug|Any CPU
		{C981DD5C-BA1D-4A26-9579-5D4203E8279E}.Release|Any CPU.ActiveCfg = Release|Any CPU
		{C981DD5C-BA1D-4A26-9579-5D4203E8279E}.Release|Any CPU.Build.0 = Release|Any CPU
		{82EF5604-72C3-4FE5-8D5E-DB94992DA5B0}.Debug|Any CPU.ActiveCfg = Debug|Any CPU
		{82EF5604-72C3-4FE5-8D5E-DB94992DA5B0}.Debug|Any CPU.Build.0 = Debug|Any CPU
		{82EF5604-72C3-4FE5-8D5E-DB94992DA5B0}.Release|Any CPU.ActiveCfg = Release|Any CPU
		{82EF5604-72C3-4FE5-8D5E-DB94992DA5B0}.Release|Any CPU.Build.0 = Release|Any CPU
		{D4B8EE04-49A1-4561-8563-5A54EF12C264}.Debug|Any CPU.ActiveCfg = Debug|Any CPU
		{D4B8EE04-49A1-4561-8563-5A54EF12C264}.Debug|Any CPU.Build.0 = Debug|Any CPU
		{D4B8EE04-49A1-4561-8563-5A54EF12C264}.Release|Any CPU.ActiveCfg = Release|Any CPU
		{D4B8EE04-49A1-4561-8563-5A54EF12C264}.Release|Any CPU.Build.0 = Release|Any CPU
		{4CC452D4-A0CC-4F5C-A5A0-0D03819E4270}.Debug|Any CPU.ActiveCfg = Debug|Any CPU
		{4CC452D4-A0CC-4F5C-A5A0-0D03819E4270}.Debug|Any CPU.Build.0 = Debug|Any CPU
		{4CC452D4-A0CC-4F5C-A5A0-0D03819E4270}.Release|Any CPU.ActiveCfg = Release|Any CPU
		{4CC452D4-A0CC-4F5C-A5A0-0D03819E4270}.Release|Any CPU.Build.0 = Release|Any CPU
		{5434C023-A843-44B7-B24E-30E97D0354C3}.Debug|Any CPU.ActiveCfg = Debug|Any CPU
		{5434C023-A843-44B7-B24E-30E97D0354C3}.Debug|Any CPU.Build.0 = Debug|Any CPU
		{5434C023-A843-44B7-B24E-30E97D0354C3}.Release|Any CPU.ActiveCfg = Release|Any CPU
		{5434C023-A843-44B7-B24E-30E97D0354C3}.Release|Any CPU.Build.0 = Release|Any CPU
		{EB2D3F29-4F8E-4AFA-8B1D-62781DB30A22}.Debug|Any CPU.ActiveCfg = Debug|Any CPU
		{EB2D3F29-4F8E-4AFA-8B1D-62781DB30A22}.Debug|Any CPU.Build.0 = Debug|Any CPU
		{EB2D3F29-4F8E-4AFA-8B1D-62781DB30A22}.Release|Any CPU.ActiveCfg = Release|Any CPU
		{EB2D3F29-4F8E-4AFA-8B1D-62781DB30A22}.Release|Any CPU.Build.0 = Release|Any CPU
		{5218FBBB-1F6D-4F2F-B4B8-102EB011E677}.Debug|Any CPU.ActiveCfg = Debug|Any CPU
		{5218FBBB-1F6D-4F2F-B4B8-102EB011E677}.Debug|Any CPU.Build.0 = Debug|Any CPU
		{5218FBBB-1F6D-4F2F-B4B8-102EB011E677}.Release|Any CPU.ActiveCfg = Release|Any CPU
		{5218FBBB-1F6D-4F2F-B4B8-102EB011E677}.Release|Any CPU.Build.0 = Release|Any CPU
		{07CC6803-6740-4C68-9D67-6CF81AA5F07F}.Debug|Any CPU.ActiveCfg = Debug|Any CPU
		{07CC6803-6740-4C68-9D67-6CF81AA5F07F}.Debug|Any CPU.Build.0 = Debug|Any CPU
		{07CC6803-6740-4C68-9D67-6CF81AA5F07F}.Release|Any CPU.ActiveCfg = Release|Any CPU
		{07CC6803-6740-4C68-9D67-6CF81AA5F07F}.Release|Any CPU.Build.0 = Release|Any CPU
		{015F0E09-C182-435C-BE4D-29A49FF400F2}.Debug|Any CPU.ActiveCfg = Debug|Any CPU
		{015F0E09-C182-435C-BE4D-29A49FF400F2}.Debug|Any CPU.Build.0 = Debug|Any CPU
		{015F0E09-C182-435C-BE4D-29A49FF400F2}.Release|Any CPU.ActiveCfg = Release|Any CPU
		{015F0E09-C182-435C-BE4D-29A49FF400F2}.Release|Any CPU.Build.0 = Release|Any CPU
		{BE92FCD5-D718-464B-8552-E6BC04B09928}.Debug|Any CPU.ActiveCfg = Debug|Any CPU
		{BE92FCD5-D718-464B-8552-E6BC04B09928}.Debug|Any CPU.Build.0 = Debug|Any CPU
		{BE92FCD5-D718-464B-8552-E6BC04B09928}.Release|Any CPU.ActiveCfg = Release|Any CPU
		{BE92FCD5-D718-464B-8552-E6BC04B09928}.Release|Any CPU.Build.0 = Release|Any CPU
		{28E77596-1D5C-4B14-9D5F-874444DEA6D5}.Debug|Any CPU.ActiveCfg = Debug|Any CPU
		{28E77596-1D5C-4B14-9D5F-874444DEA6D5}.Debug|Any CPU.Build.0 = Debug|Any CPU
		{28E77596-1D5C-4B14-9D5F-874444DEA6D5}.Release|Any CPU.ActiveCfg = Release|Any CPU
		{28E77596-1D5C-4B14-9D5F-874444DEA6D5}.Release|Any CPU.Build.0 = Release|Any CPU
		{5BB0BAB8-9DF2-4CA6-9420-E91D5099E13D}.Debug|Any CPU.ActiveCfg = Debug|Any CPU
		{5BB0BAB8-9DF2-4CA6-9420-E91D5099E13D}.Debug|Any CPU.Build.0 = Debug|Any CPU
		{5BB0BAB8-9DF2-4CA6-9420-E91D5099E13D}.Release|Any CPU.ActiveCfg = Release|Any CPU
		{5BB0BAB8-9DF2-4CA6-9420-E91D5099E13D}.Release|Any CPU.Build.0 = Release|Any CPU
		{1A34C033-09F5-4B21-8028-25BFAD5666A6}.Debug|Any CPU.ActiveCfg = Debug|Any CPU
		{1A34C033-09F5-4B21-8028-25BFAD5666A6}.Debug|Any CPU.Build.0 = Debug|Any CPU
		{1A34C033-09F5-4B21-8028-25BFAD5666A6}.Release|Any CPU.ActiveCfg = Release|Any CPU
		{1A34C033-09F5-4B21-8028-25BFAD5666A6}.Release|Any CPU.Build.0 = Release|Any CPU
		{466995F9-552B-43FB-9418-4F8282F976D7}.Debug|Any CPU.ActiveCfg = Debug|Any CPU
		{466995F9-552B-43FB-9418-4F8282F976D7}.Debug|Any CPU.Build.0 = Debug|Any CPU
		{466995F9-552B-43FB-9418-4F8282F976D7}.Release|Any CPU.ActiveCfg = Release|Any CPU
		{466995F9-552B-43FB-9418-4F8282F976D7}.Release|Any CPU.Build.0 = Release|Any CPU
		{7E5ACAA8-B44B-448D-A1D7-123A377D1C79}.Debug|Any CPU.ActiveCfg = Debug|Any CPU
		{7E5ACAA8-B44B-448D-A1D7-123A377D1C79}.Debug|Any CPU.Build.0 = Debug|Any CPU
		{7E5ACAA8-B44B-448D-A1D7-123A377D1C79}.Release|Any CPU.ActiveCfg = Release|Any CPU
		{7E5ACAA8-B44B-448D-A1D7-123A377D1C79}.Release|Any CPU.Build.0 = Release|Any CPU
		{41E45DD2-9E06-44D3-973B-EC7360EF287B}.Debug|Any CPU.ActiveCfg = Debug|Any CPU
		{41E45DD2-9E06-44D3-973B-EC7360EF287B}.Debug|Any CPU.Build.0 = Debug|Any CPU
		{41E45DD2-9E06-44D3-973B-EC7360EF287B}.Release|Any CPU.ActiveCfg = Release|Any CPU
		{41E45DD2-9E06-44D3-973B-EC7360EF287B}.Release|Any CPU.Build.0 = Release|Any CPU
		{D5EC0521-C136-4AB3-92F1-ECC773F20E50}.Debug|Any CPU.ActiveCfg = Debug|Any CPU
		{D5EC0521-C136-4AB3-92F1-ECC773F20E50}.Debug|Any CPU.Build.0 = Debug|Any CPU
		{D5EC0521-C136-4AB3-92F1-ECC773F20E50}.Release|Any CPU.ActiveCfg = Release|Any CPU
		{D5EC0521-C136-4AB3-92F1-ECC773F20E50}.Release|Any CPU.Build.0 = Release|Any CPU
		{02EA2AE6-3BA4-420E-91F6-693F57FD0C88}.Debug|Any CPU.ActiveCfg = Debug|Any CPU
		{02EA2AE6-3BA4-420E-91F6-693F57FD0C88}.Debug|Any CPU.Build.0 = Debug|Any CPU
		{02EA2AE6-3BA4-420E-91F6-693F57FD0C88}.Release|Any CPU.ActiveCfg = Release|Any CPU
		{02EA2AE6-3BA4-420E-91F6-693F57FD0C88}.Release|Any CPU.Build.0 = Release|Any CPU
	EndGlobalSection
	GlobalSection(SolutionProperties) = preSolution
		HideSolutionNode = FALSE
	EndGlobalSection
	GlobalSection(NestedProjects) = preSolution
		{31ECC803-F3B2-40E6-9F20-26ACFB2CDEAA} = {3761B5D4-E1C3-46BE-9F27-D7A7D17E7391}
		{B4735F2D-BFA4-49D6-BA84-984876D50F48} = {3761B5D4-E1C3-46BE-9F27-D7A7D17E7391}
		{356F881D-4C0C-4673-90B7-1E9CA8D7F367} = {3761B5D4-E1C3-46BE-9F27-D7A7D17E7391}
		{66F09352-BBC6-4AAA-9BC0-9B020C373901} = {649E10AF-1EAE-4D2F-BDA8-984501667F46}
		{9CF0CEAD-D93E-4E2A-8E6D-34EE3FE9C43C} = {649E10AF-1EAE-4D2F-BDA8-984501667F46}
		{1205B546-96F1-4BB2-86FF-181DB8978624} = {649E10AF-1EAE-4D2F-BDA8-984501667F46}
		{C981DD5C-BA1D-4A26-9579-5D4203E8279E} = {FD90D2D1-53E7-4B2F-9C78-8E46ECF108FF}
		{82EF5604-72C3-4FE5-8D5E-DB94992DA5B0} = {FD90D2D1-53E7-4B2F-9C78-8E46ECF108FF}
		{D4B8EE04-49A1-4561-8563-5A54EF12C264} = {FD90D2D1-53E7-4B2F-9C78-8E46ECF108FF}
		{4CC452D4-A0CC-4F5C-A5A0-0D03819E4270} = {16ED44F3-9FCE-46A4-BD48-35B09D7B8817}
		{5434C023-A843-44B7-B24E-30E97D0354C3} = {16ED44F3-9FCE-46A4-BD48-35B09D7B8817}
		{EB2D3F29-4F8E-4AFA-8B1D-62781DB30A22} = {16ED44F3-9FCE-46A4-BD48-35B09D7B8817}
		{5218FBBB-1F6D-4F2F-B4B8-102EB011E677} = {F9856908-EF71-4E95-ABFF-BB042CA4FDEE}
		{07CC6803-6740-4C68-9D67-6CF81AA5F07F} = {F9856908-EF71-4E95-ABFF-BB042CA4FDEE}
		{015F0E09-C182-435C-BE4D-29A49FF400F2} = {F9856908-EF71-4E95-ABFF-BB042CA4FDEE}
		{BE92FCD5-D718-464B-8552-E6BC04B09928} = {86A99E53-B66C-4B60-BDF4-703224EA0861}
		{28E77596-1D5C-4B14-9D5F-874444DEA6D5} = {86A99E53-B66C-4B60-BDF4-703224EA0861}
		{5BB0BAB8-9DF2-4CA6-9420-E91D5099E13D} = {86A99E53-B66C-4B60-BDF4-703224EA0861}
		{1A34C033-09F5-4B21-8028-25BFAD5666A6} = {944AF504-3255-4495-AF90-35F643CD7176}
		{466995F9-552B-43FB-9418-4F8282F976D7} = {944AF504-3255-4495-AF90-35F643CD7176}
		{7E5ACAA8-B44B-448D-A1D7-123A377D1C79} = {944AF504-3255-4495-AF90-35F643CD7176}
		{41E45DD2-9E06-44D3-973B-EC7360EF287B} = {9B6CDA2E-7A83-44C2-ACC6-8021B7DB51DB}
		{D5EC0521-C136-4AB3-92F1-ECC773F20E50} = {9B6CDA2E-7A83-44C2-ACC6-8021B7DB51DB}
		{02EA2AE6-3BA4-420E-91F6-693F57FD0C88} = {9B6CDA2E-7A83-44C2-ACC6-8021B7DB51DB}
	EndGlobalSection
	GlobalSection(ExtensibilityGlobals) = postSolution
		SolutionGuid = {9FE2762D-D1B8-42D8-90AB-CC446B464051}
	EndGlobalSection
EndGlobal
